{
  "originHash" : "9b9af6c5b1dc96f41e142442d2e4b322544ba87f6ef55d71381ab068092fcb73",
  "pins" : [
    {
      "identity" : "openupdater",
      "kind" : "remoteSourceControl",
      "location" : "https://github.com/Im-Fran/openupdater",
      "state" : {
        "revision" : "2a9b09de2cc6dc0d5987a9f1c8595dc0dd79bbe4"
      }
    },
    {
      "identity" : "swift-argument-parser",
      "kind" : "remoteSourceControl",
      "location" : "https://github.com/apple/swift-argument-parser",
      "state" : {
        "revision" : "6a52f3251125d74daf04fcbd5e6f08a75d074382",
        "version" : "1.8.2"
      }
    }
  ],
  "version" : 3
}
